{
  "version": 1,
  "dependencies": {
    "net10.0": {
      "FullBleed.DotNet": {
        "type": "Direct",
        "requested": "[0.1.3, )",
        "resolved": "0.1.3",
        "contentHash": "q4YDHvZNHPeIq1JMKtzuLIcZcralMcPwBIN0bqc5/sboI+34ZzKYcj6BGysoYIdOq7H7Scuuog8URErSYN23Yg=="
      }
    }
  }
}