{
  "version": 1,
  "dependencies": {
    "net10.0": {
      "FullBleed.DotNet": {
        "type": "Direct",
        "requested": "[0.1.4, )",
        "resolved": "0.1.4",
        "contentHash": "J0oyvPddrDRBk3sYW7UC4w+pcc1bfUQs3smaXlfPwn8xAVDjEg7mLskTf2yYHTwVskgigLCPLhneX8+vo2gKsw=="
      }
    }
  }
}