{
  "name": "fullbleed-node-invoice",
  "version": "1.0.0",
  "lockfileVersion": 3,
  "requires": true,
  "packages": {
    "": {
      "name": "fullbleed-node-invoice",
      "version": "1.0.0",
      "dependencies": {
        "fullbleed": "0.1.5"
      },
      "engines": {
        "node": ">=22"
      }
    },
    "node_modules/@bjorn3/browser_wasi_shim": {
      "version": "0.4.2",
      "resolved": "https://registry.npmjs.org/@bjorn3/browser_wasi_shim/-/browser_wasi_shim-0.4.2.tgz",
      "integrity": "sha512-/iHkCVUG3VbcbmEHn5iIUpIrh7a7WPiwZ3sHy4HZKZzBdSadwdddYDZAII2zBvQYV0Lfi8naZngPCN7WPHI/hA==",
      "license": "MIT OR Apache-2.0"
    },
    "node_modules/fullbleed": {
      "version": "0.1.5",
      "resolved": "https://registry.npmjs.org/fullbleed/-/fullbleed-0.1.5.tgz",
      "integrity": "sha512-3AvPt+n2j/0KMoUk1rq/cu4dzcsnyUNKJNOwpUJkW48vkndFcroFtXgMx4CXJX46O2/gDSli67tuhUUiVsu5OQ==",
      "license": "MIT",
      "dependencies": {
        "@bjorn3/browser_wasi_shim": "0.4.2"
      },
      "engines": {
        "node": ">=22"
      }
    }
  }
}
